
Microsoft Visual Studio Solution File, Format Version 12.00
# Visual Studio Version 17
VisualStudioVersion = 17.13.35931.197
MinimumVisualStudioVersion = 10.0.40219.1
Project("{FAE04EC0-301F-11D3-BF4B-00C04F79EFBC}") = "LightGl.Bindings", "LigthGl.Bindings\LightGl.Bindings.csproj", "{88378A7F-72C5-44D7-85FF-83CF4000C660}"
EndProject
Global
	GlobalSection(SolutionConfigurationPlatforms) = preSolution
		Debug|Any CPU = Debug|Any CPU
		Release|Any CPU = Release|Any CPU
	EndGlobalSection
	GlobalSection(ProjectConfigurationPlatforms) = postSolution
		{88378A7F-72C5-44D7-85FF-83CF4000C660}.Debug|Any CPU.ActiveCfg = Debug|Any CPU
		{88378A7F-72C5-44D7-85FF-83CF4000C660}.Debug|Any CPU.Build.0 = Debug|Any CPU
		{88378A7F-72C5-44D7-85FF-83CF4000C660}.Release|Any CPU.ActiveCfg = Release|Any CPU
		{88378A7F-72C5-44D7-85FF-83CF4000C660}.Release|Any CPU.Build.0 = Release|Any CPU
	EndGlobalSection
	GlobalSection(SolutionProperties) = preSolution
		HideSolutionNode = FALSE
	EndGlobalSection
	GlobalSection(ExtensibilityGlobals) = postSolution
		SolutionGuid = {B431954C-2EAC-4291-9ED2-012AE16D61FC}
	EndGlobalSection
EndGlobal
